// !$*UTF8*$!
{
	archiveVersion = 1;
	classes = {
	};
	objectVersion = 50;
	objects = {

/* Begin PBXBuildFile section */
		3019CD9924BC9792002564AD /* PlaceBadgeView.swift in Sources */ = {isa = PBXBuildFile; fileRef = 3019CD9824BC9792002564AD /* PlaceBadgeView.swift */; };
		30251C1924BFC1A50058D6D2 /* CompetitorDetail.swift in Sources */ = {isa = PBXBuildFile; fileRef = 30251C1824BFC1A50058D6D2 /* CompetitorDetail.swift */; };
		30251C1B24BFC1B10058D6D2 /* CompetitorCell.swift in Sources */ = {isa = PBXBuildFile; fileRef = 30251C1A24BFC1B10058D6D2 /* CompetitorCell.swift */; };
		30251C1E24BFE1D50058D6D2 /* PointsGraph.swift in Sources */ = {isa = PBXBuildFile; fileRef = 30251C1D24BFE1D50058D6D2 /* PointsGraph.swift */; };
		30278E9324BC553A00E87E80 /* CompetitionDetail.swift in Sources */ = {isa = PBXBuildFile; fileRef = 30278E9224BC553A00E87E80 /* CompetitionDetail.swift */; };
		302CF88A24BA199E00FF79D7 /* RingType.swift in Sources */ = {isa = PBXBuildFile; fileRef = 302CF88924BA199E00FF79D7 /* RingType.swift */; };
		302CF88C24BA1A4000FF79D7 /* ActivityResult.swift in Sources */ = {isa = PBXBuildFile; fileRef = 302CF88B24BA1A4000FF79D7 /* ActivityResult.swift */; };
		3050123624C0887D00E39019 /* Int+ConvertFromRangeToRange copy.swift in Sources */ = {isa = PBXBuildFile; fileRef = 3050123524C0887D00E39019 /* Int+ConvertFromRangeToRange copy.swift */; };
		3067712F24BDE0080085F152 /* FriendsCell.swift in Sources */ = {isa = PBXBuildFile; fileRef = 3067712E24BDE0080085F152 /* FriendsCell.swift */; };
		3067713124BDE3950085F152 /* FriendDetailView.swift in Sources */ = {isa = PBXBuildFile; fileRef = 3067713024BDE3950085F152 /* FriendDetailView.swift */; };
		307648CB24BC81C8005D8531 /* iCloudErrorView.swift in Sources */ = {isa = PBXBuildFile; fileRef = 307648CA24BC81C8005D8531 /* iCloudErrorView.swift */; };
		308FAD8B24B97E7E00126F3F /* OnboardingInfoCell.swift in Sources */ = {isa = PBXBuildFile; fileRef = 308FAD8A24B97E7E00126F3F /* OnboardingInfoCell.swift */; };
		308FAD8D24B97E8A00126F3F /* PrivacyView.swift in Sources */ = {isa = PBXBuildFile; fileRef = 308FAD8C24B97E8A00126F3F /* PrivacyView.swift */; };
		308FAD9E24B9A0DC00126F3F /* NavigationBarLabel.swift in Sources */ = {isa = PBXBuildFile; fileRef = 308FAD9D24B9A0DC00126F3F /* NavigationBarLabel.swift */; };
		3090918224B9480F000E3B11 /* RoundedButton.swift in Sources */ = {isa = PBXBuildFile; fileRef = 3090918124B9480F000E3B11 /* RoundedButton.swift */; };
		30ABC14024C565A40060825B /* CompetitionType.swift in Sources */ = {isa = PBXBuildFile; fileRef = 30ABC13F24C565A40060825B /* CompetitionType.swift */; };
		30BFC8CE24B75E6C00DAC6D9 /* ProjectSFApp.swift in Sources */ = {isa = PBXBuildFile; fileRef = 30BFC8CD24B75E6C00DAC6D9 /* ProjectSFApp.swift */; };
		30BFC8D024B75E6C00DAC6D9 /* ContentView.swift in Sources */ = {isa = PBXBuildFile; fileRef = 30BFC8CF24B75E6C00DAC6D9 /* ContentView.swift */; };
		30BFC8D224B75E6F00DAC6D9 /* Assets.xcassets in Resources */ = {isa = PBXBuildFile; fileRef = 30BFC8D124B75E6F00DAC6D9 /* Assets.xcassets */; };
		30BFC8D524B75E6F00DAC6D9 /* Preview Assets.xcassets in Resources */ = {isa = PBXBuildFile; fileRef = 30BFC8D424B75E6F00DAC6D9 /* Preview Assets.xcassets */; };
		30BFC8DF24B7637F00DAC6D9 /* VisualEffectView.swift in Sources */ = {isa = PBXBuildFile; fileRef = 30BFC8DE24B7637F00DAC6D9 /* VisualEffectView.swift */; };
		30BFC8E324B76BB900DAC6D9 /* HealthKit.framework in Frameworks */ = {isa = PBXBuildFile; fileRef = 30BFC8E224B76BB900DAC6D9 /* HealthKit.framework */; };
		30BFC8E724B8041C00DAC6D9 /* ActivityRingsView.swift in Sources */ = {isa = PBXBuildFile; fileRef = 30BFC8E624B8041C00DAC6D9 /* ActivityRingsView.swift */; };
		30BFC8E924B804CC00DAC6D9 /* ActivityRingView.swift in Sources */ = {isa = PBXBuildFile; fileRef = 30BFC8E824B804CC00DAC6D9 /* ActivityRingView.swift */; };
		30CCF30724BED9EA00103C1E /* ActivityOverview.swift in Sources */ = {isa = PBXBuildFile; fileRef = 30CCF30624BED9EA00103C1E /* ActivityOverview.swift */; };
		30D3217824BB430E009CD9D0 /* RoundedTextField.swift in Sources */ = {isa = PBXBuildFile; fileRef = 30D3217724BB430E009CD9D0 /* RoundedTextField.swift */; };
		30D3217D24BB4EDE009CD9D0 /* ActivityRings.swift in Sources */ = {isa = PBXBuildFile; fileRef = 30D3217C24BB4EDE009CD9D0 /* ActivityRings.swift */; };
		30D321B524BB65D5009CD9D0 /* CompetitionsView.swift in Sources */ = {isa = PBXBuildFile; fileRef = 30D321A724BB65D5009CD9D0 /* CompetitionsView.swift */; };
		30D321B624BB65D5009CD9D0 /* CompetitionCell.swift in Sources */ = {isa = PBXBuildFile; fileRef = 30D321A824BB65D5009CD9D0 /* CompetitionCell.swift */; };
		30D321B724BB65D5009CD9D0 /* CreateCompetition.swift in Sources */ = {isa = PBXBuildFile; fileRef = 30D321A924BB65D5009CD9D0 /* CreateCompetition.swift */; };
		30D321B824BB65D5009CD9D0 /* SettingsView.swift in Sources */ = {isa = PBXBuildFile; fileRef = 30D321AC24BB65D5009CD9D0 /* SettingsView.swift */; };
		30D321B924BB65D5009CD9D0 /* ImageSelectionView.swift in Sources */ = {isa = PBXBuildFile; fileRef = 30D321AD24BB65D5009CD9D0 /* ImageSelectionView.swift */; };
		30D321BA24BB65D5009CD9D0 /* NotificationSettings.swift in Sources */ = {isa = PBXBuildFile; fileRef = 30D321AE24BB65D5009CD9D0 /* NotificationSettings.swift */; };
		30D321BB24BB65D5009CD9D0 /* PermissionSettings.swift in Sources */ = {isa = PBXBuildFile; fileRef = 30D321AF24BB65D5009CD9D0 /* PermissionSettings.swift */; };
		30D321BC24BB65D5009CD9D0 /* PrivacyAbout.swift in Sources */ = {isa = PBXBuildFile; fileRef = 30D321B024BB65D5009CD9D0 /* PrivacyAbout.swift */; };
		30D321BD24BB65D5009CD9D0 /* ProfileSettings.swift in Sources */ = {isa = PBXBuildFile; fileRef = 30D321B124BB65D5009CD9D0 /* ProfileSettings.swift */; };
		30D321BE24BB65D5009CD9D0 /* ProfileView.swift in Sources */ = {isa = PBXBuildFile; fileRef = 30D321B224BB65D5009CD9D0 /* ProfileView.swift */; };
		30D321BF24BB65D5009CD9D0 /* FriendsView.swift in Sources */ = {isa = PBXBuildFile; fileRef = 30D321B424BB65D5009CD9D0 /* FriendsView.swift */; };
		30D321C124BC1886009CD9D0 /* NavScrollView.swift in Sources */ = {isa = PBXBuildFile; fileRef = 30D321C024BC1886009CD9D0 /* NavScrollView.swift */; };
		30EAB9F924C29B9D005326C8 /* AccentSettings.swift in Sources */ = {isa = PBXBuildFile; fileRef = 30EAB9F824C29B9D005326C8 /* AccentSettings.swift */; };
		30EAB9FF24C325F2005326C8 /* UserDefaults+UIColor.swift in Sources */ = {isa = PBXBuildFile; fileRef = 30EAB9FE24C325F2005326C8 /* UserDefaults+UIColor.swift */; };
		30F1EA3B24B951CA00FF89FC /* OnboardingView.swift in Sources */ = {isa = PBXBuildFile; fileRef = 30F1EA3A24B951CA00FF89FC /* OnboardingView.swift */; };
		30FCC84C24BB2EC800862C01 /* ResignKeyboardOnDragGesture.swift in Sources */ = {isa = PBXBuildFile; fileRef = 30FCC84B24BB2EC800862C01 /* ResignKeyboardOnDragGesture.swift */; };
		30FCC84E24BB318000862C01 /* KeyboardManager.swift in Sources */ = {isa = PBXBuildFile; fileRef = 30FCC84D24BB318000862C01 /* KeyboardManager.swift */; };
		9C12BBDD24B9C3A100C050DB /* HKActivitySummaryMock.swift in Sources */ = {isa = PBXBuildFile; fileRef = 9C12BBDC24B9C3A100C050DB /* HKActivitySummaryMock.swift */; };
		9C12BBDF24B9D39600C050DB /* UtilitiesTests.swift in Sources */ = {isa = PBXBuildFile; fileRef = 9C12BBDE24B9D39600C050DB /* UtilitiesTests.swift */; };
		9C12BBE124B9D3D800C050DB /* HealthKitControllerTests.swift in Sources */ = {isa = PBXBuildFile; fileRef = 9C12BBE024B9D3D800C050DB /* HealthKitControllerTests.swift */; };
		9C12BBE424B9D40A00C050DB /* FakeError.swift in Sources */ = {isa = PBXBuildFile; fileRef = 9C12BBE324B9D40A00C050DB /* FakeError.swift */; };
		9C12BBE624B9D41600C050DB /* SampleData.swift in Sources */ = {isa = PBXBuildFile; fileRef = 9C12BBE524B9D41600C050DB /* SampleData.swift */; };
		9C2445D824BC009F00D8F4FC /* RoundedNavigationButton.swift in Sources */ = {isa = PBXBuildFile; fileRef = 9C6C74AB24BADD1800C657B0 /* RoundedNavigationButton.swift */; };
		9C2445DA24BC0D8E00D8F4FC /* InvitationRecord.swift in Sources */ = {isa = PBXBuildFile; fileRef = 9C2445D924BC0D8E00D8F4FC /* InvitationRecord.swift */; };
		9C2445DC24BC714100D8F4FC /* Invitation.swift in Sources */ = {isa = PBXBuildFile; fileRef = 9C2445DB24BC714100D8F4FC /* Invitation.swift */; };
		9C338BD524BAC4F4003E5048 /* CompetitionsController.swift in Sources */ = {isa = PBXBuildFile; fileRef = 9C338BD424BAC4F4003E5048 /* CompetitionsController.swift */; };
		9C338BD724BAD080003E5048 /* RecordKey.swift in Sources */ = {isa = PBXBuildFile; fileRef = 9C338BD624BAD080003E5048 /* RecordKey.swift */; };
		9C338BD924BAD0D3003E5048 /* CompetitionRecord.swift in Sources */ = {isa = PBXBuildFile; fileRef = 9C338BD824BAD0D3003E5048 /* CompetitionRecord.swift */; };
		9C39F69524C07BAA0073C9FF /* SignUpView.swift in Sources */ = {isa = PBXBuildFile; fileRef = 9C7E74A724BDC05B0032CD88 /* SignUpView.swift */; };
		9C6C74AF24BAE08800C657B0 /* SignUpController.swift in Sources */ = {isa = PBXBuildFile; fileRef = 9C6C74AE24BAE08800C657B0 /* SignUpController.swift */; };
		9C6C74B324BAEC0B00C657B0 /* DynamicRecord.swift in Sources */ = {isa = PBXBuildFile; fileRef = 9C6C74B224BAEC0B00C657B0 /* DynamicRecord.swift */; };
		9C6C74B624BBE57B00C657B0 /* Friend.swift in Sources */ = {isa = PBXBuildFile; fileRef = 9C6C74B524BBE57B00C657B0 /* Friend.swift */; };
		9C7B4D0624B89AC700FC4456 /* View+ForegroundModifier.swift in Sources */ = {isa = PBXBuildFile; fileRef = 9C7B4D0524B89AC700FC4456 /* View+ForegroundModifier.swift */; };
		9C7B4D0824B89AF100FC4456 /* Double+ConvertFromRangeToRange.swift in Sources */ = {isa = PBXBuildFile; fileRef = 9C7B4D0724B89AF100FC4456 /* Double+ConvertFromRangeToRange.swift */; };
		9C7E74AA24BDC0E10032CD88 /* GrantDataAccessView.swift in Sources */ = {isa = PBXBuildFile; fileRef = 9C7E74A924BDC0E10032CD88 /* GrantDataAccessView.swift */; };
		9C7E74AC24BDC7790032CD88 /* ScoreURLHolderRecord.swift in Sources */ = {isa = PBXBuildFile; fileRef = 9C7E74AB24BDC7790032CD88 /* ScoreURLHolderRecord.swift */; };
		9C7E74AE24BDC87A0032CD88 /* ScoreRecord.swift in Sources */ = {isa = PBXBuildFile; fileRef = 9C7E74AD24BDC87A0032CD88 /* ScoreRecord.swift */; };
		9C8FAD4624B9E39E00571947 /* Record.swift in Sources */ = {isa = PBXBuildFile; fileRef = 9C8FAD4524B9E39E00571947 /* Record.swift */; };
		9C8FAD4824B9E7CC00571947 /* UserController.swift in Sources */ = {isa = PBXBuildFile; fileRef = 9C8FAD4724B9E7CC00571947 /* UserController.swift */; };
		9C8FAD4A24BAADA600571947 /* CKContainer+AppDefault.swift in Sources */ = {isa = PBXBuildFile; fileRef = 9C8FAD4924BAADA600571947 /* CKContainer+AppDefault.swift */; };
		9C9748E024B9A9AA00FB5F21 /* HKHealthStoreMock.swift in Sources */ = {isa = PBXBuildFile; fileRef = 9C9748DF24B9A9AA00FB5F21 /* HKHealthStoreMock.swift */; };
		9C9748E524B9B05900FB5F21 /* HKActivitySummaryQuery+ResultsHandler.m in Sources */ = {isa = PBXBuildFile; fileRef = 9C9748E424B9B05900FB5F21 /* HKActivitySummaryQuery+ResultsHandler.m */; };
		9CCFDD0724B95E9600162B0F /* URLSessionMock.swift in Sources */ = {isa = PBXBuildFile; fileRef = 9CCFDD0624B95E9600162B0F /* URLSessionMock.swift */; };
		9CCFDD1D24B971D600162B0F /* UserRecord.swift in Sources */ = {isa = PBXBuildFile; fileRef = 9CCFDD1824B971D600162B0F /* UserRecord.swift */; };
		9CCFDD1E24B971D600162B0F /* CloudKitStore.swift in Sources */ = {isa = PBXBuildFile; fileRef = 9CCFDD1924B971D600162B0F /* CloudKitStore.swift */; };
		9CCFDD1F24B971D600162B0F /* NetworkManager.swift in Sources */ = {isa = PBXBuildFile; fileRef = 9CCFDD1B24B971D600162B0F /* NetworkManager.swift */; };
		9CCFDD2024B971D600162B0F /* HealthKitController.swift in Sources */ = {isa = PBXBuildFile; fileRef = 9CCFDD1C24B971D600162B0F /* HealthKitController.swift */; };
		9CCFDD2224B973EB00162B0F /* CloudKit.framework in Frameworks */ = {isa = PBXBuildFile; fileRef = 9CCFDD2124B973EB00162B0F /* CloudKit.framework */; };
		9CCFDD2424B9745E00162B0F /* UIApplication+IsTesting.swift in Sources */ = {isa = PBXBuildFile; fileRef = 9CCFDD2324B9745E00162B0F /* UIApplication+IsTesting.swift */; };
		9CCFDD2624B9753F00162B0F /* Main.swift in Sources */ = {isa = PBXBuildFile; fileRef = 9CCFDD2524B9753F00162B0F /* Main.swift */; };
		9CCFDD2824B9758A00162B0F /* TestApp.swift in Sources */ = {isa = PBXBuildFile; fileRef = 9CCFDD2724B9758A00162B0F /* TestApp.swift */; };
		9CD7F11E24B89C5000DDAD8C /* ProjectSFTests.swift in Sources */ = {isa = PBXBuildFile; fileRef = 9CD7F11D24B89C5000DDAD8C /* ProjectSFTests.swift */; };
/* End PBXBuildFile section */

/* Begin PBXContainerItemProxy section */
		9CD7F12024B89C5000DDAD8C /* PBXContainerItemProxy */ = {
			isa = PBXContainerItemProxy;
			containerPortal = 30BFC8C224B75E6C00DAC6D9 /* Project object */;
			proxyType = 1;
			remoteGlobalIDString = 30BFC8C924B75E6C00DAC6D9;
			remoteInfo = "Project SF";
		};
/* End PBXContainerItemProxy section */

/* Begin PBXFileReference section */
		3019CD9824BC9792002564AD /* PlaceBadgeView.swift */ = {isa = PBXFileReference; lastKnownFileType = sourcecode.swift; path = PlaceBadgeView.swift; sourceTree = "<group>"; };
		30251C1824BFC1A50058D6D2 /* CompetitorDetail.swift */ = {isa = PBXFileReference; lastKnownFileType = sourcecode.swift; path = CompetitorDetail.swift; sourceTree = "<group>"; };
		30251C1A24BFC1B10058D6D2 /* CompetitorCell.swift */ = {isa = PBXFileReference; lastKnownFileType = sourcecode.swift; path = CompetitorCell.swift; sourceTree = "<group>"; };
		30251C1D24BFE1D50058D6D2 /* PointsGraph.swift */ = {isa = PBXFileReference; lastKnownFileType = sourcecode.swift; path = PointsGraph.swift; sourceTree = "<group>"; };
		30278E9224BC553A00E87E80 /* CompetitionDetail.swift */ = {isa = PBXFileReference; lastKnownFileType = sourcecode.swift; path = CompetitionDetail.swift; sourceTree = "<group>"; };
		302CF88924BA199E00FF79D7 /* RingType.swift */ = {isa = PBXFileReference; fileEncoding = 4; lastKnownFileType = sourcecode.swift; path = RingType.swift; sourceTree = "<group>"; };
		302CF88B24BA1A4000FF79D7 /* ActivityResult.swift */ = {isa = PBXFileReference; lastKnownFileType = sourcecode.swift; path = ActivityResult.swift; sourceTree = "<group>"; };
		3050123524C0887D00E39019 /* Int+ConvertFromRangeToRange copy.swift */ = {isa = PBXFileReference; lastKnownFileType = sourcecode.swift; path = "Int+ConvertFromRangeToRange copy.swift"; sourceTree = "<group>"; };
		3067712E24BDE0080085F152 /* FriendsCell.swift */ = {isa = PBXFileReference; lastKnownFileType = sourcecode.swift; path = FriendsCell.swift; sourceTree = "<group>"; };
		3067713024BDE3950085F152 /* FriendDetailView.swift */ = {isa = PBXFileReference; lastKnownFileType = sourcecode.swift; path = FriendDetailView.swift; sourceTree = "<group>"; };
		307648C824BC7DC4005D8531 /* GrantDataAccessView.swift */ = {isa = PBXFileReference; lastKnownFileType = sourcecode.swift; path = GrantDataAccessView.swift; sourceTree = "<group>"; };
		307648CA24BC81C8005D8531 /* iCloudErrorView.swift */ = {isa = PBXFileReference; lastKnownFileType = sourcecode.swift; path = iCloudErrorView.swift; sourceTree = "<group>"; };
		308FAD8A24B97E7E00126F3F /* OnboardingInfoCell.swift */ = {isa = PBXFileReference; fileEncoding = 4; lastKnownFileType = sourcecode.swift; path = OnboardingInfoCell.swift; sourceTree = "<group>"; };
		308FAD8C24B97E8A00126F3F /* PrivacyView.swift */ = {isa = PBXFileReference; fileEncoding = 4; lastKnownFileType = sourcecode.swift; path = PrivacyView.swift; sourceTree = "<group>"; };
		308FAD9D24B9A0DC00126F3F /* NavigationBarLabel.swift */ = {isa = PBXFileReference; lastKnownFileType = sourcecode.swift; path = NavigationBarLabel.swift; sourceTree = "<group>"; };
		3090918124B9480F000E3B11 /* RoundedButton.swift */ = {isa = PBXFileReference; lastKnownFileType = sourcecode.swift; path = RoundedButton.swift; sourceTree = "<group>"; };
		30ABC13F24C565A40060825B /* CompetitionType.swift */ = {isa = PBXFileReference; lastKnownFileType = sourcecode.swift; path = CompetitionType.swift; sourceTree = "<group>"; };
		30BFC8CA24B75E6C00DAC6D9 /* Project SF.app */ = {isa = PBXFileReference; explicitFileType = wrapper.application; includeInIndex = 0; path = "Project SF.app"; sourceTree = BUILT_PRODUCTS_DIR; };
		30BFC8CD24B75E6C00DAC6D9 /* ProjectSFApp.swift */ = {isa = PBXFileReference; lastKnownFileType = sourcecode.swift; path = ProjectSFApp.swift; sourceTree = "<group>"; };
		30BFC8CF24B75E6C00DAC6D9 /* ContentView.swift */ = {isa = PBXFileReference; lastKnownFileType = sourcecode.swift; path = ContentView.swift; sourceTree = "<group>"; };
		30BFC8D124B75E6F00DAC6D9 /* Assets.xcassets */ = {isa = PBXFileReference; lastKnownFileType = folder.assetcatalog; path = Assets.xcassets; sourceTree = "<group>"; };
		30BFC8D424B75E6F00DAC6D9 /* Preview Assets.xcassets */ = {isa = PBXFileReference; lastKnownFileType = folder.assetcatalog; path = "Preview Assets.xcassets"; sourceTree = "<group>"; };
		30BFC8D624B75E6F00DAC6D9 /* Info.plist */ = {isa = PBXFileReference; lastKnownFileType = text.plist.xml; path = Info.plist; sourceTree = "<group>"; };
		30BFC8DE24B7637F00DAC6D9 /* VisualEffectView.swift */ = {isa = PBXFileReference; lastKnownFileType = sourcecode.swift; path = VisualEffectView.swift; sourceTree = "<group>"; };
		30BFC8E024B76BB800DAC6D9 /* Project SF.entitlements */ = {isa = PBXFileReference; lastKnownFileType = text.plist.entitlements; path = "Project SF.entitlements"; sourceTree = "<group>"; };
		30BFC8E224B76BB900DAC6D9 /* HealthKit.framework */ = {isa = PBXFileReference; lastKnownFileType = wrapper.framework; name = HealthKit.framework; path = System/Library/Frameworks/HealthKit.framework; sourceTree = SDKROOT; };
		30BFC8E624B8041C00DAC6D9 /* ActivityRingsView.swift */ = {isa = PBXFileReference; lastKnownFileType = sourcecode.swift; path = ActivityRingsView.swift; sourceTree = "<group>"; };
		30BFC8E824B804CC00DAC6D9 /* ActivityRingView.swift */ = {isa = PBXFileReference; lastKnownFileType = sourcecode.swift; path = ActivityRingView.swift; sourceTree = "<group>"; };
		30CCF30624BED9EA00103C1E /* ActivityOverview.swift */ = {isa = PBXFileReference; lastKnownFileType = sourcecode.swift; path = ActivityOverview.swift; sourceTree = "<group>"; };
		30D3217724BB430E009CD9D0 /* RoundedTextField.swift */ = {isa = PBXFileReference; lastKnownFileType = sourcecode.swift; path = RoundedTextField.swift; sourceTree = "<group>"; };
		30D3217C24BB4EDE009CD9D0 /* ActivityRings.swift */ = {isa = PBXFileReference; lastKnownFileType = sourcecode.swift; path = ActivityRings.swift; sourceTree = "<group>"; };
		30D321A724BB65D5009CD9D0 /* CompetitionsView.swift */ = {isa = PBXFileReference; fileEncoding = 4; lastKnownFileType = sourcecode.swift; path = CompetitionsView.swift; sourceTree = "<group>"; };
		30D321A824BB65D5009CD9D0 /* CompetitionCell.swift */ = {isa = PBXFileReference; fileEncoding = 4; lastKnownFileType = sourcecode.swift; path = CompetitionCell.swift; sourceTree = "<group>"; };
		30D321A924BB65D5009CD9D0 /* CreateCompetition.swift */ = {isa = PBXFileReference; fileEncoding = 4; lastKnownFileType = sourcecode.swift; path = CreateCompetition.swift; sourceTree = "<group>"; };
		30D321AC24BB65D5009CD9D0 /* SettingsView.swift */ = {isa = PBXFileReference; fileEncoding = 4; lastKnownFileType = sourcecode.swift; path = SettingsView.swift; sourceTree = "<group>"; };
		30D321AD24BB65D5009CD9D0 /* ImageSelectionView.swift */ = {isa = PBXFileReference; fileEncoding = 4; lastKnownFileType = sourcecode.swift; path = ImageSelectionView.swift; sourceTree = "<group>"; };
		30D321AE24BB65D5009CD9D0 /* NotificationSettings.swift */ = {isa = PBXFileReference; fileEncoding = 4; lastKnownFileType = sourcecode.swift; path = NotificationSettings.swift; sourceTree = "<group>"; };
		30D321AF24BB65D5009CD9D0 /* PermissionSettings.swift */ = {isa = PBXFileReference; fileEncoding = 4; lastKnownFileType = sourcecode.swift; path = PermissionSettings.swift; sourceTree = "<group>"; };
		30D321B024BB65D5009CD9D0 /* PrivacyAbout.swift */ = {isa = PBXFileReference; fileEncoding = 4; lastKnownFileType = sourcecode.swift; path = PrivacyAbout.swift; sourceTree = "<group>"; };
		30D321B124BB65D5009CD9D0 /* ProfileSettings.swift */ = {isa = PBXFileReference; fileEncoding = 4; lastKnownFileType = sourcecode.swift; path = ProfileSettings.swift; sourceTree = "<group>"; };
		30D321B224BB65D5009CD9D0 /* ProfileView.swift */ = {isa = PBXFileReference; fileEncoding = 4; lastKnownFileType = sourcecode.swift; path = ProfileView.swift; sourceTree = "<group>"; };
		30D321B424BB65D5009CD9D0 /* FriendsView.swift */ = {isa = PBXFileReference; fileEncoding = 4; lastKnownFileType = sourcecode.swift; path = FriendsView.swift; sourceTree = "<group>"; };
		30D321C024BC1886009CD9D0 /* NavScrollView.swift */ = {isa = PBXFileReference; lastKnownFileType = sourcecode.swift; path = NavScrollView.swift; sourceTree = "<group>"; };
		30EAB9F824C29B9D005326C8 /* AccentSettings.swift */ = {isa = PBXFileReference; lastKnownFileType = sourcecode.swift; path = AccentSettings.swift; sourceTree = "<group>"; };
		30EAB9FE24C325F2005326C8 /* UserDefaults+UIColor.swift */ = {isa = PBXFileReference; lastKnownFileType = sourcecode.swift; path = "UserDefaults+UIColor.swift"; sourceTree = "<group>"; };
		30F1EA3A24B951CA00FF89FC /* OnboardingView.swift */ = {isa = PBXFileReference; lastKnownFileType = sourcecode.swift; path = OnboardingView.swift; sourceTree = "<group>"; };
		30FCC84B24BB2EC800862C01 /* ResignKeyboardOnDragGesture.swift */ = {isa = PBXFileReference; lastKnownFileType = sourcecode.swift; path = ResignKeyboardOnDragGesture.swift; sourceTree = "<group>"; };
		30FCC84D24BB318000862C01 /* KeyboardManager.swift */ = {isa = PBXFileReference; lastKnownFileType = sourcecode.swift; path = KeyboardManager.swift; sourceTree = "<group>"; };
		9C12BBDC24B9C3A100C050DB /* HKActivitySummaryMock.swift */ = {isa = PBXFileReference; lastKnownFileType = sourcecode.swift; path = HKActivitySummaryMock.swift; sourceTree = "<group>"; };
		9C12BBDE24B9D39600C050DB /* UtilitiesTests.swift */ = {isa = PBXFileReference; lastKnownFileType = sourcecode.swift; path = UtilitiesTests.swift; sourceTree = "<group>"; };
		9C12BBE024B9D3D800C050DB /* HealthKitControllerTests.swift */ = {isa = PBXFileReference; lastKnownFileType = sourcecode.swift; path = HealthKitControllerTests.swift; sourceTree = "<group>"; };
		9C12BBE324B9D40A00C050DB /* FakeError.swift */ = {isa = PBXFileReference; lastKnownFileType = sourcecode.swift; path = FakeError.swift; sourceTree = "<group>"; };
		9C12BBE524B9D41600C050DB /* SampleData.swift */ = {isa = PBXFileReference; lastKnownFileType = sourcecode.swift; path = SampleData.swift; sourceTree = "<group>"; };
		9C2445D924BC0D8E00D8F4FC /* InvitationRecord.swift */ = {isa = PBXFileReference; lastKnownFileType = sourcecode.swift; path = InvitationRecord.swift; sourceTree = "<group>"; };
		9C2445DB24BC714100D8F4FC /* Invitation.swift */ = {isa = PBXFileReference; lastKnownFileType = sourcecode.swift; path = Invitation.swift; sourceTree = "<group>"; };
		9C338BD424BAC4F4003E5048 /* CompetitionsController.swift */ = {isa = PBXFileReference; lastKnownFileType = sourcecode.swift; path = CompetitionsController.swift; sourceTree = "<group>"; };
		9C338BD624BAD080003E5048 /* RecordKey.swift */ = {isa = PBXFileReference; lastKnownFileType = sourcecode.swift; path = RecordKey.swift; sourceTree = "<group>"; };
		9C338BD824BAD0D3003E5048 /* CompetitionRecord.swift */ = {isa = PBXFileReference; lastKnownFileType = sourcecode.swift; path = CompetitionRecord.swift; sourceTree = "<group>"; };
		9C6C74AB24BADD1800C657B0 /* RoundedNavigationButton.swift */ = {isa = PBXFileReference; lastKnownFileType = sourcecode.swift; path = RoundedNavigationButton.swift; sourceTree = "<group>"; };
		9C6C74AE24BAE08800C657B0 /* SignUpController.swift */ = {isa = PBXFileReference; lastKnownFileType = sourcecode.swift; path = SignUpController.swift; sourceTree = "<group>"; };
		9C6C74B224BAEC0B00C657B0 /* DynamicRecord.swift */ = {isa = PBXFileReference; lastKnownFileType = sourcecode.swift; path = DynamicRecord.swift; sourceTree = "<group>"; };
		9C6C74B524BBE57B00C657B0 /* Friend.swift */ = {isa = PBXFileReference; lastKnownFileType = sourcecode.swift; path = Friend.swift; sourceTree = "<group>"; };
		9C7B4D0524B89AC700FC4456 /* View+ForegroundModifier.swift */ = {isa = PBXFileReference; lastKnownFileType = sourcecode.swift; path = "View+ForegroundModifier.swift"; sourceTree = "<group>"; };
		9C7B4D0724B89AF100FC4456 /* Double+ConvertFromRangeToRange.swift */ = {isa = PBXFileReference; lastKnownFileType = sourcecode.swift; path = "Double+ConvertFromRangeToRange.swift"; sourceTree = "<group>"; };
		9C7E74A724BDC05B0032CD88 /* SignUpView.swift */ = {isa = PBXFileReference; fileEncoding = 4; lastKnownFileType = sourcecode.swift; path = SignUpView.swift; sourceTree = "<group>"; };
		9C7E74A924BDC0E10032CD88 /* GrantDataAccessView.swift */ = {isa = PBXFileReference; fileEncoding = 4; lastKnownFileType = sourcecode.swift; path = GrantDataAccessView.swift; sourceTree = "<group>"; };
		9C7E74AB24BDC7790032CD88 /* ScoreURLHolderRecord.swift */ = {isa = PBXFileReference; lastKnownFileType = sourcecode.swift; path = ScoreURLHolderRecord.swift; sourceTree = "<group>"; };
		9C7E74AD24BDC87A0032CD88 /* ScoreRecord.swift */ = {isa = PBXFileReference; lastKnownFileType = sourcecode.swift; path = ScoreRecord.swift; sourceTree = "<group>"; };
		9C8FAD4524B9E39E00571947 /* Record.swift */ = {isa = PBXFileReference; lastKnownFileType = sourcecode.swift; path = Record.swift; sourceTree = "<group>"; };
		9C8FAD4724B9E7CC00571947 /* UserController.swift */ = {isa = PBXFileReference; lastKnownFileType = sourcecode.swift; path = UserController.swift; sourceTree = "<group>"; };
		9C8FAD4924BAADA600571947 /* CKContainer+AppDefault.swift */ = {isa = PBXFileReference; lastKnownFileType = sourcecode.swift; path = "CKContainer+AppDefault.swift"; sourceTree = "<group>"; };
		9C9748DF24B9A9AA00FB5F21 /* HKHealthStoreMock.swift */ = {isa = PBXFileReference; lastKnownFileType = sourcecode.swift; path = HKHealthStoreMock.swift; sourceTree = "<group>"; };
		9C9748E224B9AF1E00FB5F21 /* Project SFTests-Bridging-Header.h */ = {isa = PBXFileReference; lastKnownFileType = sourcecode.c.h; path = "Project SFTests-Bridging-Header.h"; sourceTree = "<group>"; };
		9C9748E324B9AF1E00FB5F21 /* HKActivitySummaryQuery+ResultsHandler.h */ = {isa = PBXFileReference; lastKnownFileType = sourcecode.c.h; path = "HKActivitySummaryQuery+ResultsHandler.h"; sourceTree = "<group>"; };
		9C9748E424B9B05900FB5F21 /* HKActivitySummaryQuery+ResultsHandler.m */ = {isa = PBXFileReference; lastKnownFileType = sourcecode.c.objc; path = "HKActivitySummaryQuery+ResultsHandler.m"; sourceTree = "<group>"; };
		9CCFDD0624B95E9600162B0F /* URLSessionMock.swift */ = {isa = PBXFileReference; lastKnownFileType = sourcecode.swift; path = URLSessionMock.swift; sourceTree = "<group>"; };
		9CCFDD1824B971D600162B0F /* UserRecord.swift */ = {isa = PBXFileReference; fileEncoding = 4; lastKnownFileType = sourcecode.swift; path = UserRecord.swift; sourceTree = "<group>"; };
		9CCFDD1924B971D600162B0F /* CloudKitStore.swift */ = {isa = PBXFileReference; fileEncoding = 4; lastKnownFileType = sourcecode.swift; path = CloudKitStore.swift; sourceTree = "<group>"; };
		9CCFDD1B24B971D600162B0F /* NetworkManager.swift */ = {isa = PBXFileReference; fileEncoding = 4; lastKnownFileType = sourcecode.swift; path = NetworkManager.swift; sourceTree = "<group>"; };
		9CCFDD1C24B971D600162B0F /* HealthKitController.swift */ = {isa = PBXFileReference; fileEncoding = 4; lastKnownFileType = sourcecode.swift; path = HealthKitController.swift; sourceTree = "<group>"; };
		9CCFDD2124B973EB00162B0F /* CloudKit.framework */ = {isa = PBXFileReference; lastKnownFileType = wrapper.framework; name = CloudKit.framework; path = System/Library/Frameworks/CloudKit.framework; sourceTree = SDKROOT; };
		9CCFDD2324B9745E00162B0F /* UIApplication+IsTesting.swift */ = {isa = PBXFileReference; lastKnownFileType = sourcecode.swift; path = "UIApplication+IsTesting.swift"; sourceTree = "<group>"; };
		9CCFDD2524B9753F00162B0F /* Main.swift */ = {isa = PBXFileReference; lastKnownFileType = sourcecode.swift; path = Main.swift; sourceTree = "<group>"; };
		9CCFDD2724B9758A00162B0F /* TestApp.swift */ = {isa = PBXFileReference; lastKnownFileType = sourcecode.swift; path = TestApp.swift; sourceTree = "<group>"; };
		9CD7F11B24B89C5000DDAD8C /* Project SFTests.xctest */ = {isa = PBXFileReference; explicitFileType = wrapper.cfbundle; includeInIndex = 0; path = "Project SFTests.xctest"; sourceTree = BUILT_PRODUCTS_DIR; };
		9CD7F11D24B89C5000DDAD8C /* ProjectSFTests.swift */ = {isa = PBXFileReference; lastKnownFileType = sourcecode.swift; path = ProjectSFTests.swift; sourceTree = "<group>"; };
		9CD7F11F24B89C5000DDAD8C /* Info.plist */ = {isa = PBXFileReference; lastKnownFileType = text.plist.xml; path = Info.plist; sourceTree = "<group>"; };
/* End PBXFileReference section */

/* Begin PBXFrameworksBuildPhase section */
		30BFC8C724B75E6C00DAC6D9 /* Frameworks */ = {
			isa = PBXFrameworksBuildPhase;
			buildActionMask = 2147483647;
			files = (
				30BFC8E324B76BB900DAC6D9 /* HealthKit.framework in Frameworks */,
				9CCFDD2224B973EB00162B0F /* CloudKit.framework in Frameworks */,
			);
			runOnlyForDeploymentPostprocessing = 0;
		};
		9CD7F11824B89C5000DDAD8C /* Frameworks */ = {
			isa = PBXFrameworksBuildPhase;
			buildActionMask = 2147483647;
			files = (
			);
			runOnlyForDeploymentPostprocessing = 0;
		};
/* End PBXFrameworksBuildPhase section */

/* Begin PBXGroup section */
		30251C1C24BFC1B80058D6D2 /* CompetitionDetail */ = {
			isa = PBXGroup;
			children = (
				30278E9224BC553A00E87E80 /* CompetitionDetail.swift */,
				30251C1824BFC1A50058D6D2 /* CompetitorDetail.swift */,
				30251C1A24BFC1B10058D6D2 /* CompetitorCell.swift */,
				30251C1D24BFE1D50058D6D2 /* PointsGraph.swift */,
				30ABC13F24C565A40060825B /* CompetitionType.swift */,
			);
			path = CompetitionDetail;
			sourceTree = "<group>";
		};
		3029AF5024B8869E003F0324 /* Views */ = {
			isa = PBXGroup;
			children = (
				30BFC8CF24B75E6C00DAC6D9 /* ContentView.swift */,
				30D321A524BB65D5009CD9D0 /* Tabs */,
				308FAD8924B97E5500126F3F /* Onboarding */,
				30CCF30824BEE91300103C1E /* Activity */,
				307648CA24BC81C8005D8531 /* iCloudErrorView.swift */,
				3090918124B9480F000E3B11 /* RoundedButton.swift */,
				9C6C74AB24BADD1800C657B0 /* RoundedNavigationButton.swift */,
				308FAD9D24B9A0DC00126F3F /* NavigationBarLabel.swift */,
				30D3217724BB430E009CD9D0 /* RoundedTextField.swift */,
				30D321C024BC1886009CD9D0 /* NavScrollView.swift */,
			);
			path = Views;
			sourceTree = "<group>";
		};
		3029AF5124B886A7003F0324 /* Extensions */ = {
			isa = PBXGroup;
			children = (
				9C7B4D0724B89AF100FC4456 /* Double+ConvertFromRangeToRange.swift */,
				3050123524C0887D00E39019 /* Int+ConvertFromRangeToRange copy.swift */,
				9C7B4D0524B89AC700FC4456 /* View+ForegroundModifier.swift */,
				9CCFDD2324B9745E00162B0F /* UIApplication+IsTesting.swift */,
				9C8FAD4924BAADA600571947 /* CKContainer+AppDefault.swift */,
				30EAB9FE24C325F2005326C8 /* UserDefaults+UIColor.swift */,
			);
			path = Extensions;
			sourceTree = "<group>";
		};
		3029AF5224B886CB003F0324 /* Support */ = {
			isa = PBXGroup;
			children = (
				9CCFDD2524B9753F00162B0F /* Main.swift */,
				30BFC8CD24B75E6C00DAC6D9 /* ProjectSFApp.swift */,
				9CCFDD2724B9758A00162B0F /* TestApp.swift */,
			);
			path = Support;
			sourceTree = "<group>";
		};
		308FAD8924B97E5500126F3F /* Onboarding */ = {
			isa = PBXGroup;
			children = (
				308FAD8A24B97E7E00126F3F /* OnboardingInfoCell.swift */,
				30F1EA3A24B951CA00FF89FC /* OnboardingView.swift */,
				308FAD8C24B97E8A00126F3F /* PrivacyView.swift */,
				9C7E74A924BDC0E10032CD88 /* GrantDataAccessView.swift */,
				9C6C74AD24BAE07A00C657B0 /* SignUp */,
			);
			path = Onboarding;
			sourceTree = "<group>";
		};
		30ABC14124C567DF0060825B /* Competitions */ = {
			isa = PBXGroup;
			children = (
				9C338BD824BAD0D3003E5048 /* CompetitionRecord.swift */,
				9C338BD424BAC4F4003E5048 /* CompetitionsController.swift */,
			);
			path = Competitions;
			sourceTree = "<group>";
		};
		30ABC14224C568210060825B /* Invitations */ = {
			isa = PBXGroup;
			children = (
				9C2445DB24BC714100D8F4FC /* Invitation.swift */,
				9C2445D924BC0D8E00D8F4FC /* InvitationRecord.swift */,
			);
			path = Invitations;
			sourceTree = "<group>";
		};
		30ABC14324C5684B0060825B /* User */ = {
			isa = PBXGroup;
			children = (
				9CCFDD1824B971D600162B0F /* UserRecord.swift */,
				9C8FAD4724B9E7CC00571947 /* UserController.swift */,
			);
			path = User;
			sourceTree = "<group>";
		};
		30ABC14424C568A10060825B /* Scoring */ = {
			isa = PBXGroup;
			children = (
				9C7E74AD24BDC87A0032CD88 /* ScoreRecord.swift */,
				9C7E74AB24BDC7790032CD88 /* ScoreURLHolderRecord.swift */,
			);
			path = Scoring;
			sourceTree = "<group>";
		};
		30ABC14524C569010060825B /* Activity */ = {
			isa = PBXGroup;
			children = (
				30D3217C24BB4EDE009CD9D0 /* ActivityRings.swift */,
				302CF88B24BA1A4000FF79D7 /* ActivityResult.swift */,
				302CF88924BA199E00FF79D7 /* RingType.swift */,
			);
			path = Activity;
			sourceTree = "<group>";
		};
		30BFC8C124B75E6C00DAC6D9 = {
			isa = PBXGroup;
			children = (
				30BFC8CC24B75E6C00DAC6D9 /* Project SF */,
				9CD7F11C24B89C5000DDAD8C /* Project SFTests */,
				30BFC8CB24B75E6C00DAC6D9 /* Products */,
				30BFC8E124B76BB900DAC6D9 /* Frameworks */,
				9C7E74A624BDC0320032CD88 /* Recovered References */,
			);
			sourceTree = "<group>";
		};
		30BFC8CB24B75E6C00DAC6D9 /* Products */ = {
			isa = PBXGroup;
			children = (
				30BFC8CA24B75E6C00DAC6D9 /* Project SF.app */,
				9CD7F11B24B89C5000DDAD8C /* Project SFTests.xctest */,
			);
			name = Products;
			sourceTree = "<group>";
		};
		30BFC8CC24B75E6C00DAC6D9 /* Project SF */ = {
			isa = PBXGroup;
			children = (
				30BFC8E024B76BB800DAC6D9 /* Project SF.entitlements */,
				3029AF5224B886CB003F0324 /* Support */,
				3029AF5024B8869E003F0324 /* Views */,
				9CCFDD1524B971D600162B0F /* Logic */,
				9C7B4D0A24B89B0F00FC4456 /* Utilities */,
				30BFC8D124B75E6F00DAC6D9 /* Assets.xcassets */,
				30BFC8D624B75E6F00DAC6D9 /* Info.plist */,
				30BFC8D324B75E6F00DAC6D9 /* Preview Content */,
			);
			path = "Project SF";
			sourceTree = "<group>";
		};
		30BFC8D324B75E6F00DAC6D9 /* Preview Content */ = {
			isa = PBXGroup;
			children = (
				30BFC8D424B75E6F00DAC6D9 /* Preview Assets.xcassets */,
			);
			path = "Preview Content";
			sourceTree = "<group>";
		};
		30BFC8E124B76BB900DAC6D9 /* Frameworks */ = {
			isa = PBXGroup;
			children = (
				9CCFDD2124B973EB00162B0F /* CloudKit.framework */,
				30BFC8E224B76BB900DAC6D9 /* HealthKit.framework */,
			);
			name = Frameworks;
			sourceTree = "<group>";
		};
		30CCF30824BEE91300103C1E /* Activity */ = {
			isa = PBXGroup;
			children = (
				30CCF30624BED9EA00103C1E /* ActivityOverview.swift */,
				30BFC8E624B8041C00DAC6D9 /* ActivityRingsView.swift */,
				30BFC8E824B804CC00DAC6D9 /* ActivityRingView.swift */,
			);
			path = Activity;
			sourceTree = "<group>";
		};
		30D321A524BB65D5009CD9D0 /* Tabs */ = {
			isa = PBXGroup;
			children = (
				30D321A624BB65D5009CD9D0 /* Competitions */,
				30D321B324BB65D5009CD9D0 /* Friends */,
				30D321AA24BB65D5009CD9D0 /* Profile */,
			);
			path = Tabs;
			sourceTree = "<group>";
		};
		30D321A624BB65D5009CD9D0 /* Competitions */ = {
			isa = PBXGroup;
			children = (
				30251C1C24BFC1B80058D6D2 /* CompetitionDetail */,
				30D321A724BB65D5009CD9D0 /* CompetitionsView.swift */,
				30D321A824BB65D5009CD9D0 /* CompetitionCell.swift */,
				30D321A924BB65D5009CD9D0 /* CreateCompetition.swift */,
				3019CD9824BC9792002564AD /* PlaceBadgeView.swift */,
			);
			path = Competitions;
			sourceTree = "<group>";
		};
		30D321AA24BB65D5009CD9D0 /* Profile */ = {
			isa = PBXGroup;
			children = (
				30D321B224BB65D5009CD9D0 /* ProfileView.swift */,
				30D321AB24BB65D5009CD9D0 /* Settings */,
			);
			path = Profile;
			sourceTree = "<group>";
		};
		30D321AB24BB65D5009CD9D0 /* Settings */ = {
			isa = PBXGroup;
			children = (
				30D321AC24BB65D5009CD9D0 /* SettingsView.swift */,
				30D321AD24BB65D5009CD9D0 /* ImageSelectionView.swift */,
				30D321AE24BB65D5009CD9D0 /* NotificationSettings.swift */,
				30EAB9F824C29B9D005326C8 /* AccentSettings.swift */,
				30D321AF24BB65D5009CD9D0 /* PermissionSettings.swift */,
				30D321B024BB65D5009CD9D0 /* PrivacyAbout.swift */,
				30D321B124BB65D5009CD9D0 /* ProfileSettings.swift */,
			);
			path = Settings;
			sourceTree = "<group>";
		};
		30D321B324BB65D5009CD9D0 /* Friends */ = {
			isa = PBXGroup;
			children = (
				30D321B424BB65D5009CD9D0 /* FriendsView.swift */,
				3067712E24BDE0080085F152 /* FriendsCell.swift */,
				3067713024BDE3950085F152 /* FriendDetailView.swift */,
			);
			path = Friends;
			sourceTree = "<group>";
		};
		9C12BBE224B9D3FC00C050DB /* Utilities */ = {
			isa = PBXGroup;
			children = (
				9C12BBE324B9D40A00C050DB /* FakeError.swift */,
				9C12BBE524B9D41600C050DB /* SampleData.swift */,
			);
			path = Utilities;
			sourceTree = "<group>";
		};
		9C12BBE724B9D42100C050DB /* Mocks */ = {
			isa = PBXGroup;
			children = (
				9CCFDD0624B95E9600162B0F /* URLSessionMock.swift */,
				9C9748DF24B9A9AA00FB5F21 /* HKHealthStoreMock.swift */,
				9C12BBDC24B9C3A100C050DB /* HKActivitySummaryMock.swift */,
				9C9748E324B9AF1E00FB5F21 /* HKActivitySummaryQuery+ResultsHandler.h */,
				9C9748E424B9B05900FB5F21 /* HKActivitySummaryQuery+ResultsHandler.m */,
			);
			path = Mocks;
			sourceTree = "<group>";
		};
		9C6C74AD24BAE07A00C657B0 /* SignUp */ = {
			isa = PBXGroup;
			children = (
				9C7E74A724BDC05B0032CD88 /* SignUpView.swift */,
				9C6C74AE24BAE08800C657B0 /* SignUpController.swift */,
			);
			path = SignUp;
			sourceTree = "<group>";
		};
		9C6C74B424BBE56800C657B0 /* HealthKit */ = {
			isa = PBXGroup;
			children = (
				9CCFDD1C24B971D600162B0F /* HealthKitController.swift */,
				30ABC14524C569010060825B /* Activity */,
			);
			path = HealthKit;
			sourceTree = "<group>";
		};
		9C7B4D0A24B89B0F00FC4456 /* Utilities */ = {
			isa = PBXGroup;
			children = (
				30BFC8DE24B7637F00DAC6D9 /* VisualEffectView.swift */,
				30FCC84B24BB2EC800862C01 /* ResignKeyboardOnDragGesture.swift */,
				30FCC84D24BB318000862C01 /* KeyboardManager.swift */,
				3029AF5124B886A7003F0324 /* Extensions */,
			);
			path = Utilities;
			sourceTree = "<group>";
		};
		9C7E74A624BDC0320032CD88 /* Recovered References */ = {
			isa = PBXGroup;
			children = (
				307648C824BC7DC4005D8531 /* GrantDataAccessView.swift */,
			);
			name = "Recovered References";
			sourceTree = "<group>";
		};
		9CCFDD1524B971D600162B0F /* Logic */ = {
			isa = PBXGroup;
			children = (
				9CCFDD1624B971D600162B0F /* CloudKit */,
				30ABC14324C5684B0060825B /* User */,
				30ABC14124C567DF0060825B /* Competitions */,
				30ABC14424C568A10060825B /* Scoring */,
				30ABC14224C568210060825B /* Invitations */,
				9C6C74B424BBE56800C657B0 /* HealthKit */,
				9CCFDD1A24B971D600162B0F /* Networking */,
				9C6C74B524BBE57B00C657B0 /* Friend.swift */,
			);
			path = Logic;
			sourceTree = "<group>";
		};
		9CCFDD1624B971D600162B0F /* CloudKit */ = {
			isa = PBXGroup;
			children = (
				9CCFDD1924B971D600162B0F /* CloudKitStore.swift */,
				9C8FAD4524B9E39E00571947 /* Record.swift */,
				9C6C74B224BAEC0B00C657B0 /* DynamicRecord.swift */,
				9C338BD624BAD080003E5048 /* RecordKey.swift */,
			);
			path = CloudKit;
			sourceTree = "<group>";
		};
		9CCFDD1A24B971D600162B0F /* Networking */ = {
			isa = PBXGroup;
			children = (
				9CCFDD1B24B971D600162B0F /* NetworkManager.swift */,
			);
			path = Networking;
			sourceTree = "<group>";
		};
		9CD7F11C24B89C5000DDAD8C /* Project SFTests */ = {
			isa = PBXGroup;
			children = (
				9CD7F11D24B89C5000DDAD8C /* ProjectSFTests.swift */,
				9C12BBE024B9D3D800C050DB /* HealthKitControllerTests.swift */,
				9C12BBDE24B9D39600C050DB /* UtilitiesTests.swift */,
				9C12BBE724B9D42100C050DB /* Mocks */,
				9C12BBE224B9D3FC00C050DB /* Utilities */,
				9CD7F11F24B89C5000DDAD8C /* Info.plist */,
				9C9748E224B9AF1E00FB5F21 /* Project SFTests-Bridging-Header.h */,
			);
			path = "Project SFTests";
			sourceTree = "<group>";
		};
/* End PBXGroup section */

/* Begin PBXNativeTarget section */
		30BFC8C924B75E6C00DAC6D9 /* Project SF */ = {
			isa = PBXNativeTarget;
			buildConfigurationList = 30BFC8D924B75E6F00DAC6D9 /* Build configuration list for PBXNativeTarget "Project SF" */;
			buildPhases = (
				9CD6F92B24B7E9C400F167FC /* Run SwiftLint */,
				30BFC8C624B75E6C00DAC6D9 /* Sources */,
				30BFC8C724B75E6C00DAC6D9 /* Frameworks */,
				30BFC8C824B75E6C00DAC6D9 /* Resources */,
			);
			buildRules = (
			);
			dependencies = (
			);
			name = "Project SF";
			packageProductDependencies = (
			);
			productName = "Project SF";
			productReference = 30BFC8CA24B75E6C00DAC6D9 /* Project SF.app */;
			productType = "com.apple.product-type.application";
		};
		9CD7F11A24B89C5000DDAD8C /* Project SFTests */ = {
			isa = PBXNativeTarget;
			buildConfigurationList = 9CD7F12424B89C5000DDAD8C /* Build configuration list for PBXNativeTarget "Project SFTests" */;
			buildPhases = (
				9CD7F11724B89C5000DDAD8C /* Sources */,
				9CD7F11824B89C5000DDAD8C /* Frameworks */,
				9CD7F11924B89C5000DDAD8C /* Resources */,
			);
			buildRules = (
			);
			dependencies = (
				9CD7F12124B89C5000DDAD8C /* PBXTargetDependency */,
			);
			name = "Project SFTests";
			productName = "Project SFTests";
			productReference = 9CD7F11B24B89C5000DDAD8C /* Project SFTests.xctest */;
			productType = "com.apple.product-type.bundle.unit-test";
		};
/* End PBXNativeTarget section */

/* Begin PBXProject section */
		30BFC8C224B75E6C00DAC6D9 /* Project object */ = {
			isa = PBXProject;
			attributes = {
				LastSwiftUpdateCheck = 1200;
				LastUpgradeCheck = 1200;
				TargetAttributes = {
					30BFC8C924B75E6C00DAC6D9 = {
						CreatedOnToolsVersion = 12.0;
					};
					9CD7F11A24B89C5000DDAD8C = {
						CreatedOnToolsVersion = 12.0;
						LastSwiftMigration = 1200;
						TestTargetID = 30BFC8C924B75E6C00DAC6D9;
					};
				};
			};
			buildConfigurationList = 30BFC8C524B75E6C00DAC6D9 /* Build configuration list for PBXProject "Project SF" */;
			compatibilityVersion = "Xcode 9.3";
			developmentRegion = en;
			hasScannedForEncodings = 0;
			knownRegions = (
				en,
				Base,
			);
			mainGroup = 30BFC8C124B75E6C00DAC6D9;
			packageReferences = (
			);
			productRefGroup = 30BFC8CB24B75E6C00DAC6D9 /* Products */;
			projectDirPath = "";
			projectRoot = "";
			targets = (
				30BFC8C924B75E6C00DAC6D9 /* Project SF */,
				9CD7F11A24B89C5000DDAD8C /* Project SFTests */,
			);
		};
/* End PBXProject section */

/* Begin PBXResourcesBuildPhase section */
		30BFC8C824B75E6C00DAC6D9 /* Resources */ = {
			isa = PBXResourcesBuildPhase;
			buildActionMask = 2147483647;
			files = (
				30BFC8D524B75E6F00DAC6D9 /* Preview Assets.xcassets in Resources */,
				30BFC8D224B75E6F00DAC6D9 /* Assets.xcassets in Resources */,
			);
			runOnlyForDeploymentPostprocessing = 0;
		};
		9CD7F11924B89C5000DDAD8C /* Resources */ = {
			isa = PBXResourcesBuildPhase;
			buildActionMask = 2147483647;
			files = (
			);
			runOnlyForDeploymentPostprocessing = 0;
		};
/* End PBXResourcesBuildPhase section */

/* Begin PBXShellScriptBuildPhase section */
		9CD6F92B24B7E9C400F167FC /* Run SwiftLint */ = {
			isa = PBXShellScriptBuildPhase;
			buildActionMask = 2147483647;
			files = (
			);
			inputFileListPaths = (
			);
			inputPaths = (
			);
			name = "Run SwiftLint";
			outputFileListPaths = (
			);
			outputPaths = (
			);
			runOnlyForDeploymentPostprocessing = 0;
			shellPath = /bin/sh;
			shellScript = "if which swiftlint >/dev/null; then\n  swiftlint\nelse\n  echo \"warning: SwiftLint not installed, download from https://github.com/realm/SwiftLint\"\nfi\n";
		};
/* End PBXShellScriptBuildPhase section */

/* Begin PBXSourcesBuildPhase section */
		30BFC8C624B75E6C00DAC6D9 /* Sources */ = {
			isa = PBXSourcesBuildPhase;
			buildActionMask = 2147483647;
			files = (
				308FAD9E24B9A0DC00126F3F /* NavigationBarLabel.swift in Sources */,
				30D321B524BB65D5009CD9D0 /* CompetitionsView.swift in Sources */,
				9C7B4D0824B89AF100FC4456 /* Double+ConvertFromRangeToRange.swift in Sources */,
				30BFC8D024B75E6C00DAC6D9 /* ContentView.swift in Sources */,
				9C338BD924BAD0D3003E5048 /* CompetitionRecord.swift in Sources */,
				30FCC84C24BB2EC800862C01 /* ResignKeyboardOnDragGesture.swift in Sources */,
				30FCC84E24BB318000862C01 /* KeyboardManager.swift in Sources */,
				9C7E74AA24BDC0E10032CD88 /* GrantDataAccessView.swift in Sources */,
				30BFC8CE24B75E6C00DAC6D9 /* ProjectSFApp.swift in Sources */,
				9CCFDD1F24B971D600162B0F /* NetworkManager.swift in Sources */,
				9C8FAD4824B9E7CC00571947 /* UserController.swift in Sources */,
				9CCFDD2624B9753F00162B0F /* Main.swift in Sources */,
				30D321C124BC1886009CD9D0 /* NavScrollView.swift in Sources */,
				30251C1924BFC1A50058D6D2 /* CompetitorDetail.swift in Sources */,
				30BFC8E924B804CC00DAC6D9 /* ActivityRingView.swift in Sources */,
				3067712F24BDE0080085F152 /* FriendsCell.swift in Sources */,
				30D321BD24BB65D5009CD9D0 /* ProfileSettings.swift in Sources */,
				30EAB9F924C29B9D005326C8 /* AccentSettings.swift in Sources */,
				30BFC8DF24B7637F00DAC6D9 /* VisualEffectView.swift in Sources */,
				9CCFDD1D24B971D600162B0F /* UserRecord.swift in Sources */,
				9C6C74B624BBE57B00C657B0 /* Friend.swift in Sources */,
				9CCFDD1D24B971D600162B0F /* UserRecord.swift in Sources */,
				9C2445D824BC009F00D8F4FC /* RoundedNavigationButton.swift in Sources */,
				30D321B624BB65D5009CD9D0 /* CompetitionCell.swift in Sources */,
				30ABC14024C565A40060825B /* CompetitionType.swift in Sources */,
				30D321BC24BB65D5009CD9D0 /* PrivacyAbout.swift in Sources */,
				30D321B724BB65D5009CD9D0 /* CreateCompetition.swift in Sources */,
				308FAD8D24B97E8A00126F3F /* PrivacyView.swift in Sources */,
				30D321BE24BB65D5009CD9D0 /* ProfileView.swift in Sources */,
				308FAD8B24B97E7E00126F3F /* OnboardingInfoCell.swift in Sources */,
				9CCFDD1E24B971D600162B0F /* CloudKitStore.swift in Sources */,
				30F1EA3B24B951CA00FF89FC /* OnboardingView.swift in Sources */,
				30D3217824BB430E009CD9D0 /* RoundedTextField.swift in Sources */,
				9CCFDD2024B971D600162B0F /* HealthKitController.swift in Sources */,
				9C8FAD4624B9E39E00571947 /* Record.swift in Sources */,
				9C8FAD4A24BAADA600571947 /* CKContainer+AppDefault.swift in Sources */,
				302CF88A24BA199E00FF79D7 /* RingType.swift in Sources */,
				9C2445DA24BC0D8E00D8F4FC /* InvitationRecord.swift in Sources */,
				9C338BD524BAC4F4003E5048 /* CompetitionsController.swift in Sources */,
				9C7B4D0624B89AC700FC4456 /* View+ForegroundModifier.swift in Sources */,
				9C338BD724BAD080003E5048 /* RecordKey.swift in Sources */,
				30D321B924BB65D5009CD9D0 /* ImageSelectionView.swift in Sources */,
				30D3217D24BB4EDE009CD9D0 /* ActivityRings.swift in Sources */,
				9C7E74AE24BDC87A0032CD88 /* ScoreRecord.swift in Sources */,
				30EAB9FF24C325F2005326C8 /* UserDefaults+UIColor.swift in Sources */,
				30D321BF24BB65D5009CD9D0 /* FriendsView.swift in Sources */,
				302CF88A24BA199E00FF79D7 /* RingType.swift in Sources */,
				9C7B4D0624B89AC700FC4456 /* View+ForegroundModifier.swift in Sources */,
				30251C1B24BFC1B10058D6D2 /* CompetitorCell.swift in Sources */,
				30CCF30724BED9EA00103C1E /* ActivityOverview.swift in Sources */,
				30D321BA24BB65D5009CD9D0 /* NotificationSettings.swift in Sources */,
				30251C1E24BFE1D50058D6D2 /* PointsGraph.swift in Sources */,
				30BFC8E724B8041C00DAC6D9 /* ActivityRingsView.swift in Sources */,
				9C2445DC24BC714100D8F4FC /* Invitation.swift in Sources */,
				3090918224B9480F000E3B11 /* RoundedButton.swift in Sources */,
				9CCFDD2424B9745E00162B0F /* UIApplication+IsTesting.swift in Sources */,
				3019CD9924BC9792002564AD /* PlaceBadgeView.swift in Sources */,
				9CCFDD2824B9758A00162B0F /* TestApp.swift in Sources */,
				9C39F69524C07BAA0073C9FF /* SignUpView.swift in Sources */,
				9C6C74AF24BAE08800C657B0 /* SignUpController.swift in Sources */,
				302CF88C24BA1A4000FF79D7 /* ActivityResult.swift in Sources */,
				9C6C74B324BAEC0B00C657B0 /* DynamicRecord.swift in Sources */,
				9C7E74AC24BDC7790032CD88 /* ScoreURLHolderRecord.swift in Sources */,
				302CF88C24BA1A4000FF79D7 /* ActivityResult.swift in Sources */,
				3067713124BDE3950085F152 /* FriendDetailView.swift in Sources */,
				30D321BB24BB65D5009CD9D0 /* PermissionSettings.swift in Sources */,
				3050123624C0887D00E39019 /* Int+ConvertFromRangeToRange copy.swift in Sources */,
				30278E9324BC553A00E87E80 /* CompetitionDetail.swift in Sources */,
				30D321B824BB65D5009CD9D0 /* SettingsView.swift in Sources */,
				307648CB24BC81C8005D8531 /* iCloudErrorView.swift in Sources */,
			);
			runOnlyForDeploymentPostprocessing = 0;
		};
		9CD7F11724B89C5000DDAD8C /* Sources */ = {
			isa = PBXSourcesBuildPhase;
			buildActionMask = 2147483647;
			files = (
				9CCFDD0724B95E9600162B0F /* URLSessionMock.swift in Sources */,
				9C12BBDD24B9C3A100C050DB /* HKActivitySummaryMock.swift in Sources */,
				9C12BBDF24B9D39600C050DB /* UtilitiesTests.swift in Sources */,
				9C12BBE424B9D40A00C050DB /* FakeError.swift in Sources */,
				9C9748E524B9B05900FB5F21 /* HKActivitySummaryQuery+ResultsHandler.m in Sources */,
				9C9748E024B9A9AA00FB5F21 /* HKHealthStoreMock.swift in Sources */,
				9CD7F11E24B89C5000DDAD8C /* ProjectSFTests.swift in Sources */,
				9C12BBE624B9D41600C050DB /* SampleData.swift in Sources */,
				9C12BBE124B9D3D800C050DB /* HealthKitControllerTests.swift in Sources */,
			);
			runOnlyForDeploymentPostprocessing = 0;
		};
/* End PBXSourcesBuildPhase section */

/* Begin PBXTargetDependency section */
		9CD7F12124B89C5000DDAD8C /* PBXTargetDependency */ = {
			isa = PBXTargetDependency;
			target = 30BFC8C924B75E6C00DAC6D9 /* Project SF */;
			targetProxy = 9CD7F12024B89C5000DDAD8C /* PBXContainerItemProxy */;
		};
/* End PBXTargetDependency section */

/* Begin XCBuildConfiguration section */
		30BFC8D724B75E6F00DAC6D9 /* Debug */ = {
			isa = XCBuildConfiguration;
			buildSettings = {
				ALWAYS_SEARCH_USER_PATHS = NO;
				CLANG_ANALYZER_NONNULL = YES;
				CLANG_ANALYZER_NUMBER_OBJECT_CONVERSION = YES_AGGRESSIVE;
				CLANG_CXX_LANGUAGE_STANDARD = "gnu++14";
				CLANG_CXX_LIBRARY = "libc++";
				CLANG_ENABLE_MODULES = YES;
				CLANG_ENABLE_OBJC_ARC = YES;
				CLANG_ENABLE_OBJC_WEAK = YES;
				CLANG_WARN_BLOCK_CAPTURE_AUTORELEASING = YES;
				CLANG_WARN_BOOL_CONVERSION = YES;
				CLANG_WARN_COMMA = YES;
				CLANG_WARN_CONSTANT_CONVERSION = YES;
				CLANG_WARN_DEPRECATED_OBJC_IMPLEMENTATIONS = YES;
				CLANG_WARN_DIRECT_OBJC_ISA_USAGE = YES_ERROR;
				CLANG_WARN_DOCUMENTATION_COMMENTS = YES;
				CLANG_WARN_EMPTY_BODY = YES;
				CLANG_WARN_ENUM_CONVERSION = YES;
				CLANG_WARN_INFINITE_RECURSION = YES;
				CLANG_WARN_INT_CONVERSION = YES;
				CLANG_WARN_NON_LITERAL_NULL_CONVERSION = YES;
				CLANG_WARN_OBJC_IMPLICIT_RETAIN_SELF = YES;
				CLANG_WARN_OBJC_LITERAL_CONVERSION = YES;
				CLANG_WARN_OBJC_ROOT_CLASS = YES_ERROR;
				CLANG_WARN_QUOTED_INCLUDE_IN_FRAMEWORK_HEADER = YES;
				CLANG_WARN_RANGE_LOOP_ANALYSIS = YES;
				CLANG_WARN_STRICT_PROTOTYPES = YES;
				CLANG_WARN_SUSPICIOUS_MOVE = YES;
				CLANG_WARN_UNGUARDED_AVAILABILITY = YES_AGGRESSIVE;
				CLANG_WARN_UNREACHABLE_CODE = YES;
				CLANG_WARN__DUPLICATE_METHOD_MATCH = YES;
				COPY_PHASE_STRIP = NO;
				DEBUG_INFORMATION_FORMAT = dwarf;
				ENABLE_STRICT_OBJC_MSGSEND = YES;
				ENABLE_TESTABILITY = YES;
				GCC_C_LANGUAGE_STANDARD = gnu11;
				GCC_DYNAMIC_NO_PIC = NO;
				GCC_NO_COMMON_BLOCKS = YES;
				GCC_OPTIMIZATION_LEVEL = 0;
				GCC_PREPROCESSOR_DEFINITIONS = (
					"DEBUG=1",
					"$(inherited)",
				);
				GCC_WARN_64_TO_32_BIT_CONVERSION = YES;
				GCC_WARN_ABOUT_RETURN_TYPE = YES_ERROR;
				GCC_WARN_UNDECLARED_SELECTOR = YES;
				GCC_WARN_UNINITIALIZED_AUTOS = YES_AGGRESSIVE;
				GCC_WARN_UNUSED_FUNCTION = YES;
				GCC_WARN_UNUSED_VARIABLE = YES;
				IPHONEOS_DEPLOYMENT_TARGET = 14.0;
				MTL_ENABLE_DEBUG_INFO = INCLUDE_SOURCE;
				MTL_FAST_MATH = YES;
				ONLY_ACTIVE_ARCH = YES;
				SDKROOT = iphoneos;
				SWIFT_ACTIVE_COMPILATION_CONDITIONS = DEBUG;
				SWIFT_OPTIMIZATION_LEVEL = "-Onone";
			};
			name = Debug;
		};
		30BFC8D824B75E6F00DAC6D9 /* Release */ = {
			isa = XCBuildConfiguration;
			buildSettings = {
				ALWAYS_SEARCH_USER_PATHS = NO;
				CLANG_ANALYZER_NONNULL = YES;
				CLANG_ANALYZER_NUMBER_OBJECT_CONVERSION = YES_AGGRESSIVE;
				CLANG_CXX_LANGUAGE_STANDARD = "gnu++14";
				CLANG_CXX_LIBRARY = "libc++";
				CLANG_ENABLE_MODULES = YES;
				CLANG_ENABLE_OBJC_ARC = YES;
				CLANG_ENABLE_OBJC_WEAK = YES;
				CLANG_WARN_BLOCK_CAPTURE_AUTORELEASING = YES;
				CLANG_WARN_BOOL_CONVERSION = YES;
				CLANG_WARN_COMMA = YES;
				CLANG_WARN_CONSTANT_CONVERSION = YES;
				CLANG_WARN_DEPRECATED_OBJC_IMPLEMENTATIONS = YES;
				CLANG_WARN_DIRECT_OBJC_ISA_USAGE = YES_ERROR;
				CLANG_WARN_DOCUMENTATION_COMMENTS = YES;
				CLANG_WARN_EMPTY_BODY = YES;
				CLANG_WARN_ENUM_CONVERSION = YES;
				CLANG_WARN_INFINITE_RECURSION = YES;
				CLANG_WARN_INT_CONVERSION = YES;
				CLANG_WARN_NON_LITERAL_NULL_CONVERSION = YES;
				CLANG_WARN_OBJC_IMPLICIT_RETAIN_SELF = YES;
				CLANG_WARN_OBJC_LITERAL_CONVERSION = YES;
				CLANG_WARN_OBJC_ROOT_CLASS = YES_ERROR;
				CLANG_WARN_QUOTED_INCLUDE_IN_FRAMEWORK_HEADER = YES;
				CLANG_WARN_RANGE_LOOP_ANALYSIS = YES;
				CLANG_WARN_STRICT_PROTOTYPES = YES;
				CLANG_WARN_SUSPICIOUS_MOVE = YES;
				CLANG_WARN_UNGUARDED_AVAILABILITY = YES_AGGRESSIVE;
				CLANG_WARN_UNREACHABLE_CODE = YES;
				CLANG_WARN__DUPLICATE_METHOD_MATCH = YES;
				COPY_PHASE_STRIP = NO;
				DEBUG_INFORMATION_FORMAT = "dwarf-with-dsym";
				ENABLE_NS_ASSERTIONS = NO;
				ENABLE_STRICT_OBJC_MSGSEND = YES;
				GCC_C_LANGUAGE_STANDARD = gnu11;
				GCC_NO_COMMON_BLOCKS = YES;
				GCC_WARN_64_TO_32_BIT_CONVERSION = YES;
				GCC_WARN_ABOUT_RETURN_TYPE = YES_ERROR;
				GCC_WARN_UNDECLARED_SELECTOR = YES;
				GCC_WARN_UNINITIALIZED_AUTOS = YES_AGGRESSIVE;
				GCC_WARN_UNUSED_FUNCTION = YES;
				GCC_WARN_UNUSED_VARIABLE = YES;
				IPHONEOS_DEPLOYMENT_TARGET = 14.0;
				MTL_ENABLE_DEBUG_INFO = NO;
				MTL_FAST_MATH = YES;
				SDKROOT = iphoneos;
				SWIFT_COMPILATION_MODE = wholemodule;
				SWIFT_OPTIMIZATION_LEVEL = "-O";
				VALIDATE_PRODUCT = YES;
			};
			name = Release;
		};
		30BFC8DA24B75E6F00DAC6D9 /* Debug */ = {
			isa = XCBuildConfiguration;
			buildSettings = {
				ASSETCATALOG_COMPILER_APPICON_NAME = AppIcon;
				ASSETCATALOG_COMPILER_GLOBAL_ACCENT_COLOR_NAME = AccentColor;
				CODE_SIGN_ENTITLEMENTS = "Project SF/Project SF.entitlements";
				CODE_SIGN_IDENTITY = "Apple Development";
				CODE_SIGN_STYLE = Automatic;
				DEVELOPMENT_ASSET_PATHS = "\"Project SF/Preview Content\"";
				DEVELOPMENT_TEAM = TW2C8488Q9;
				ENABLE_PREVIEWS = YES;
				INFOPLIST_FILE = "Project SF/Info.plist";
				IPHONEOS_DEPLOYMENT_TARGET = 14.0;
				LD_RUNPATH_SEARCH_PATHS = (
					"$(inherited)",
					"@executable_path/Frameworks",
				);
				PRODUCT_BUNDLE_IDENTIFIER = com.ChristianP.ProjectSF;
				PRODUCT_NAME = "$(TARGET_NAME)";
				PROVISIONING_PROFILE_SPECIFIER = "";
				SWIFT_VERSION = 5.0;
				TARGETED_DEVICE_FAMILY = "1,2";
			};
			name = Debug;
		};
		30BFC8DB24B75E6F00DAC6D9 /* Release */ = {
			isa = XCBuildConfiguration;
			buildSettings = {
				ASSETCATALOG_COMPILER_APPICON_NAME = AppIcon;
				ASSETCATALOG_COMPILER_GLOBAL_ACCENT_COLOR_NAME = AccentColor;
				CODE_SIGN_ENTITLEMENTS = "Project SF/Project SF.entitlements";
				CODE_SIGN_IDENTITY = "Apple Development";
				CODE_SIGN_STYLE = Automatic;
				DEVELOPMENT_ASSET_PATHS = "\"Project SF/Preview Content\"";
				DEVELOPMENT_TEAM = TW2C8488Q9;
				ENABLE_PREVIEWS = YES;
				INFOPLIST_FILE = "Project SF/Info.plist";
				IPHONEOS_DEPLOYMENT_TARGET = 14.0;
				LD_RUNPATH_SEARCH_PATHS = (
					"$(inherited)",
					"@executable_path/Frameworks",
				);
				PRODUCT_BUNDLE_IDENTIFIER = com.ChristianP.ProjectSF;
				PRODUCT_NAME = "$(TARGET_NAME)";
				PROVISIONING_PROFILE_SPECIFIER = "";
				SWIFT_VERSION = 5.0;
				TARGETED_DEVICE_FAMILY = "1,2";
			};
			name = Release;
		};
		9CD7F12224B89C5000DDAD8C /* Debug */ = {
			isa = XCBuildConfiguration;
			buildSettings = {
				BUNDLE_LOADER = "$(TEST_HOST)";
				CLANG_ENABLE_MODULES = YES;
				CODE_SIGN_STYLE = Automatic;
				DEVELOPMENT_TEAM = W9K99K5JN4;
				INFOPLIST_FILE = "Project SFTests/Info.plist";
				LD_RUNPATH_SEARCH_PATHS = (
					"$(inherited)",
					"@executable_path/Frameworks",
					"@loader_path/Frameworks",
				);
				PRODUCT_BUNDLE_IDENTIFIER = "au.com.wttech.Project-SFTests";
				PRODUCT_NAME = "$(TARGET_NAME)";
				SWIFT_OBJC_BRIDGING_HEADER = "Project SFTests/Project SFTests-Bridging-Header.h";
				SWIFT_OPTIMIZATION_LEVEL = "-Onone";
				SWIFT_VERSION = 5.0;
				TARGETED_DEVICE_FAMILY = "1,2";
				TEST_HOST = "$(BUILT_PRODUCTS_DIR)/Project SF.app/Project SF";
			};
			name = Debug;
		};
		9CD7F12324B89C5000DDAD8C /* Release */ = {
			isa = XCBuildConfiguration;
			buildSettings = {
				BUNDLE_LOADER = "$(TEST_HOST)";
				CLANG_ENABLE_MODULES = YES;
				CODE_SIGN_STYLE = Automatic;
				DEVELOPMENT_TEAM = W9K99K5JN4;
				INFOPLIST_FILE = "Project SFTests/Info.plist";
				LD_RUNPATH_SEARCH_PATHS = (
					"$(inherited)",
					"@executable_path/Frameworks",
					"@loader_path/Frameworks",
				);
				PRODUCT_BUNDLE_IDENTIFIER = "au.com.wttech.Project-SFTests";
				PRODUCT_NAME = "$(TARGET_NAME)";
				SWIFT_OBJC_BRIDGING_HEADER = "Project SFTests/Project SFTests-Bridging-Header.h";
				SWIFT_VERSION = 5.0;
				TARGETED_DEVICE_FAMILY = "1,2";
				TEST_HOST = "$(BUILT_PRODUCTS_DIR)/Project SF.app/Project SF";
			};
			name = Release;
		};
/* End XCBuildConfiguration section */

/* Begin XCConfigurationList section */
		30BFC8C524B75E6C00DAC6D9 /* Build configuration list for PBXProject "Project SF" */ = {
			isa = XCConfigurationList;
			buildConfigurations = (
				30BFC8D724B75E6F00DAC6D9 /* Debug */,
				30BFC8D824B75E6F00DAC6D9 /* Release */,
			);
			defaultConfigurationIsVisible = 0;
			defaultConfigurationName = Release;
		};
		30BFC8D924B75E6F00DAC6D9 /* Build configuration list for PBXNativeTarget "Project SF" */ = {
			isa = XCConfigurationList;
			buildConfigurations = (
				30BFC8DA24B75E6F00DAC6D9 /* Debug */,
				30BFC8DB24B75E6F00DAC6D9 /* Release */,
			);
			defaultConfigurationIsVisible = 0;
			defaultConfigurationName = Release;
		};
		9CD7F12424B89C5000DDAD8C /* Build configuration list for PBXNativeTarget "Project SFTests" */ = {
			isa = XCConfigurationList;
			buildConfigurations = (
				9CD7F12224B89C5000DDAD8C /* Debug */,
				9CD7F12324B89C5000DDAD8C /* Release */,
			);
			defaultConfigurationIsVisible = 0;
			defaultConfigurationName = Release;
		};
/* End XCConfigurationList section */
	};
	rootObject = 30BFC8C224B75E6C00DAC6D9 /* Project object */;
}
